// !$*UTF8*$!
{
	archiveVersion = 1;
	classes = {
	};
	objectVersion = 48;
	objects = {

/* Begin PBXBuildFile section */
		EB27232F21936285007B3377 /* Usuario.swift in Sources */ = {isa = PBXBuildFile; fileRef = EB27232E21936285007B3377 /* Usuario.swift */; };
		EB27233121938012007B3377 /* Snap.swift in Sources */ = {isa = PBXBuildFile; fileRef = EB27233021938012007B3377 /* Snap.swift */; };
		EB27233321938820007B3377 /* VerSnapViewController.swift in Sources */ = {isa = PBXBuildFile; fileRef = EB27233221938820007B3377 /* VerSnapViewController.swift */; };
		EBB4E67E218CF4AC00E50558 /* SnapsViewController.swift in Sources */ = {isa = PBXBuildFile; fileRef = EBB4E67D218CF4AC00E50558 /* SnapsViewController.swift */; };
		EBB4E680218CF82F00E50558 /* ImagenViewController.swift in Sources */ = {isa = PBXBuildFile; fileRef = EBB4E67F218CF82F00E50558 /* ImagenViewController.swift */; };
		EBB4E682218D022B00E50558 /* ElegirUsuarioViewController.swift in Sources */ = {isa = PBXBuildFile; fileRef = EBB4E681218D022B00E50558 /* ElegirUsuarioViewController.swift */; };
		EBCB384D218CE2D600E84DF3 /* GoogleService-Info.plist in Resources */ = {isa = PBXBuildFile; fileRef = EBCB384C218CE2D600E84DF3 /* GoogleService-Info.plist */; };
		EBD3C2F0218CDC1E00E61956 /* AppDelegate.swift in Sources */ = {isa = PBXBuildFile; fileRef = EBD3C2EF218CDC1E00E61956 /* AppDelegate.swift */; };
		EBD3C2F2218CDC1E00E61956 /* IniciarSesionViewController.swift in Sources */ = {isa = PBXBuildFile; fileRef = EBD3C2F1218CDC1E00E61956 /* IniciarSesionViewController.swift */; };
		EBD3C2F5218CDC1E00E61956 /* Main.storyboard in Resources */ = {isa = PBXBuildFile; fileRef = EBD3C2F3218CDC1E00E61956 /* Main.storyboard */; };
		EBD3C2F8218CDC1E00E61956 /* SocialNetwork.xcdatamodeld in Sources */ = {isa = PBXBuildFile; fileRef = EBD3C2F6218CDC1E00E61956 /* SocialNetwork.xcdatamodeld */; };
		EBD3C2FA218CDC1E00E61956 /* Assets.xcassets in Resources */ = {isa = PBXBuildFile; fileRef = EBD3C2F9218CDC1E00E61956 /* Assets.xcassets */; };
		EBD3C2FD218CDC1E00E61956 /* LaunchScreen.storyboard in Resources */ = {isa = PBXBuildFile; fileRef = EBD3C2FB218CDC1E00E61956 /* LaunchScreen.storyboard */; };
		EE7DC806A8A91E68DE0DB0C4 /* Pods_SocialNetwork.framework in Frameworks */ = {isa = PBXBuildFile; fileRef = DAC2FF65C88546D40CF61311 /* Pods_SocialNetwork.framework */; };
/* End PBXBuildFile section */

/* Begin PBXFileReference section */
		6FE553FAAAD8C62F0BD24BC4 /* Pods-SocialNetwork.release.xcconfig */ = {isa = PBXFileReference; includeInIndex = 1; lastKnownFileType = text.xcconfig; name = "Pods-SocialNetwork.release.xcconfig"; path = "Pods/Target Support Files/Pods-SocialNetwork/Pods-SocialNetwork.release.xcconfig"; sourceTree = "<group>"; };
		D5FE61D48803D6063A7E14D3 /* Pods-SocialNetwork.debug.xcconfig */ = {isa = PBXFileReference; includeInIndex = 1; lastKnownFileType = text.xcconfig; name = "Pods-SocialNetwork.debug.xcconfig"; path = "Pods/Target Support Files/Pods-SocialNetwork/Pods-SocialNetwork.debug.xcconfig"; sourceTree = "<group>"; };
		DAC2FF65C88546D40CF61311 /* Pods_SocialNetwork.framework */ = {isa = PBXFileReference; explicitFileType = wrapper.framework; includeInIndex = 0; path = Pods_SocialNetwork.framework; sourceTree = BUILT_PRODUCTS_DIR; };
		EB27232E21936285007B3377 /* Usuario.swift */ = {isa = PBXFileReference; lastKnownFileType = sourcecode.swift; path = Usuario.swift; sourceTree = "<group>"; };
		EB27233021938012007B3377 /* Snap.swift */ = {isa = PBXFileReference; lastKnownFileType = sourcecode.swift; path = Snap.swift; sourceTree = "<group>"; };
		EB27233221938820007B3377 /* VerSnapViewController.swift */ = {isa = PBXFileReference; lastKnownFileType = sourcecode.swift; path = VerSnapViewController.swift; sourceTree = "<group>"; };
		EBB4E67C218CF25A00E50558 /* SocialNetwork.entitlements */ = {isa = PBXFileReference; lastKnownFileType = text.plist.entitlements; path = SocialNetwork.entitlements; sourceTree = "<group>"; };
		EBB4E67D218CF4AC00E50558 /* SnapsViewController.swift */ = {isa = PBXFileReference; lastKnownFileType = sourcecode.swift; path = SnapsViewController.swift; sourceTree = "<group>"; };
		EBB4E67F218CF82F00E50558 /* ImagenViewController.swift */ = {isa = PBXFileReference; lastKnownFileType = sourcecode.swift; path = ImagenViewController.swift; sourceTree = "<group>"; };
		EBB4E681218D022B00E50558 /* ElegirUsuarioViewController.swift */ = {isa = PBXFileReference; lastKnownFileType = sourcecode.swift; path = ElegirUsuarioViewController.swift; sourceTree = "<group>"; };
		EBCB384C218CE2D600E84DF3 /* GoogleService-Info.plist */ = {isa = PBXFileReference; fileEncoding = 4; lastKnownFileType = text.plist.xml; path = "GoogleService-Info.plist"; sourceTree = "<group>"; };
		EBD3C2EC218CDC1E00E61956 /* SocialNetwork.app */ = {isa = PBXFileReference; explicitFileType = wrapper.application; includeInIndex = 0; path = SocialNetwork.app; sourceTree = BUILT_PRODUCTS_DIR; };
		EBD3C2EF218CDC1E00E61956 /* AppDelegate.swift */ = {isa = PBXFileReference; lastKnownFileType = sourcecode.swift; path = AppDelegate.swift; sourceTree = "<group>"; };
		EBD3C2F1218CDC1E00E61956 /* IniciarSesionViewController.swift */ = {isa = PBXFileReference; lastKnownFileType = sourcecode.swift; path = IniciarSesionViewController.swift; sourceTree = "<group>"; };
		EBD3C2F4218CDC1E00E61956 /* Base */ = {isa = PBXFileReference; lastKnownFileType = file.storyboard; name = Base; path = Base.lproj/Main.storyboard; sourceTree = "<group>"; };
		EBD3C2F7218CDC1E00E61956 /* SocialNetwork.xcdatamodel */ = {isa = PBXFileReference; lastKnownFileType = wrapper.xcdatamodel; path = SocialNetwork.xcdatamodel; sourceTree = "<group>"; };
		EBD3C2F9218CDC1E00E61956 /* Assets.xcassets */ = {isa = PBXFileReference; lastKnownFileType = folder.assetcatalog; path = Assets.xcassets; sourceTree = "<group>"; };
		EBD3C2FC218CDC1E00E61956 /* Base */ = {isa = PBXFileReference; lastKnownFileType = file.storyboard; name = Base; path = Base.lproj/LaunchScreen.storyboard; sourceTree = "<group>"; };
		EBD3C2FE218CDC1E00E61956 /* Info.plist */ = {isa = PBXFileReference; lastKnownFileType = text.plist.xml; path = Info.plist; sourceTree = "<group>"; };
/* End PBXFileReference section */

/* Begin PBXFrameworksBuildPhase section */
		EBD3C2E9218CDC1E00E61956 /* Frameworks */ = {
			isa = PBXFrameworksBuildPhase;
			buildActionMask = 2147483647;
			files = (
				EE7DC806A8A91E68DE0DB0C4 /* Pods_SocialNetwork.framework in Frameworks */,
			);
			runOnlyForDeploymentPostprocessing = 0;
		};
/* End PBXFrameworksBuildPhase section */

/* Begin PBXGroup section */
		C9174EBD3AA1FAE432A7750E /* Pods */ = {
			isa = PBXGroup;
			children = (
				D5FE61D48803D6063A7E14D3 /* Pods-SocialNetwork.debug.xcconfig */,
				6FE553FAAAD8C62F0BD24BC4 /* Pods-SocialNetwork.release.xcconfig */,
			);
			name = Pods;
			sourceTree = "<group>";
		};
		DEFA9602745A1D4EC75C0172 /* Frameworks */ = {
			isa = PBXGroup;
			children = (
				DAC2FF65C88546D40CF61311 /* Pods_SocialNetwork.framework */,
			);
			name = Frameworks;
			sourceTree = "<group>";
		};
		EB27232C219361D7007B3377 /* ViewControllers */ = {
			isa = PBXGroup;
			children = (
				EBB4E67D218CF4AC00E50558 /* SnapsViewController.swift */,
				EBD3C2F1218CDC1E00E61956 /* IniciarSesionViewController.swift */,
				EBB4E67F218CF82F00E50558 /* ImagenViewController.swift */,
				EBB4E681218D022B00E50558 /* ElegirUsuarioViewController.swift */,
				EB27233221938820007B3377 /* VerSnapViewController.swift */,
			);
			path = ViewControllers;
			sourceTree = "<group>";
		};
		EB27232D2193622A007B3377 /* Modelos */ = {
			isa = PBXGroup;
			children = (
				EB27232E21936285007B3377 /* Usuario.swift */,
				EB27233021938012007B3377 /* Snap.swift */,
			);
			path = Modelos;
			sourceTree = "<group>";
		};
		EBD3C2E3218CDC1E00E61956 = {
			isa = PBXGroup;
			children = (
				EBD3C2EE218CDC1E00E61956 /* SocialNetwork */,
				EBD3C2ED218CDC1E00E61956 /* Products */,
				C9174EBD3AA1FAE432A7750E /* Pods */,
				DEFA9602745A1D4EC75C0172 /* Frameworks */,
			);
			sourceTree = "<group>";
		};
		EBD3C2ED218CDC1E00E61956 /* Products */ = {
			isa = PBXGroup;
			children = (
				EBD3C2EC218CDC1E00E61956 /* SocialNetwork.app */,
			);
			name = Products;
			sourceTree = "<group>";
		};
		EBD3C2EE218CDC1E00E61956 /* SocialNetwork */ = {
			isa = PBXGroup;
			children = (
				EB27232D2193622A007B3377 /* Modelos */,
				EB27232C219361D7007B3377 /* ViewControllers */,
				EBB4E67C218CF25A00E50558 /* SocialNetwork.entitlements */,
				EBCB384C218CE2D600E84DF3 /* GoogleService-Info.plist */,
				EBD3C2EF218CDC1E00E61956 /* AppDelegate.swift */,
				EBD3C2F3218CDC1E00E61956 /* Main.storyboard */,
				EBD3C2F9218CDC1E00E61956 /* Assets.xcassets */,
				EBD3C2FB218CDC1E00E61956 /* LaunchScreen.storyboard */,
				EBD3C2FE218CDC1E00E61956 /* Info.plist */,
				EBD3C2F6218CDC1E00E61956 /* SocialNetwork.xcdatamodeld */,
			);
			path = SocialNetwork;
			sourceTree = "<group>";
		};
/* End PBXGroup section */

/* Begin PBXNativeTarget section */
		EBD3C2EB218CDC1E00E61956 /* SocialNetwork */ = {
			isa = PBXNativeTarget;
			buildConfigurationList = EBD3C301218CDC1E00E61956 /* Build configuration list for PBXNativeTarget "SocialNetwork" */;
			buildPhases = (
				5CE330ADA74C11788551502F /* [CP] Check Pods Manifest.lock */,
				EBD3C2E8218CDC1E00E61956 /* Sources */,
				EBD3C2E9218CDC1E00E61956 /* Frameworks */,
				EBD3C2EA218CDC1E00E61956 /* Resources */,
				586F76045349FBF251DFFC80 /* [CP] Embed Pods Frameworks */,
			);
			buildRules = (
			);
			dependencies = (
			);
			name = SocialNetwork;
			productName = SocialNetwork;
			productReference = EBD3C2EC218CDC1E00E61956 /* SocialNetwork.app */;
			productType = "com.apple.product-type.application";
		};
/* End PBXNativeTarget section */

/* Begin PBXProject section */
		EBD3C2E4218CDC1E00E61956 /* Project object */ = {
			isa = PBXProject;
			attributes = {
				LastSwiftUpdateCheck = 0920;
				LastUpgradeCheck = 0920;
				ORGANIZATIONNAME = Tecsup;
				TargetAttributes = {
					EBD3C2EB218CDC1E00E61956 = {
						CreatedOnToolsVersion = 9.2;
						ProvisioningStyle = Automatic;
						SystemCapabilities = {
							com.apple.Keychain = {
								enabled = 1;
							};
						};
					};
				};
			};
			buildConfigurationList = EBD3C2E7218CDC1E00E61956 /* Build configuration list for PBXProject "SocialNetwork" */;
			compatibilityVersion = "Xcode 8.0";
			developmentRegion = en;
			hasScannedForEncodings = 0;
			knownRegions = (
				en,
				Base,
			);
			mainGroup = EBD3C2E3218CDC1E00E61956;
			productRefGroup = EBD3C2ED218CDC1E00E61956 /* Products */;
			projectDirPath = "";
			projectRoot = "";
			targets = (
				EBD3C2EB218CDC1E00E61956 /* SocialNetwork */,
			);
		};
/* End PBXProject section */

/* Begin PBXResourcesBuildPhase section */
		EBD3C2EA218CDC1E00E61956 /* Resources */ = {
			isa = PBXResourcesBuildPhase;
			buildActionMask = 2147483647;
			files = (
				EBD3C2FD218CDC1E00E61956 /* LaunchScreen.storyboard in Resources */,
				EBCB384D218CE2D600E84DF3 /* GoogleService-Info.plist in Resources */,
				EBD3C2FA218CDC1E00E61956 /* Assets.xcassets in Resources */,
				EBD3C2F5218CDC1E00E61956 /* Main.storyboard in Resources */,
			);
			runOnlyForDeploymentPostprocessing = 0;
		};
/* End PBXResourcesBuildPhase section */

/* Begin PBXShellScriptBuildPhase section */
		586F76045349FBF251DFFC80 /* [CP] Embed Pods Frameworks */ = {
			isa = PBXShellScriptBuildPhase;
			buildActionMask = 2147483647;
			files = (
			);
			inputPaths = (
				"${SRCROOT}/Pods/Target Support Files/Pods-SocialNetwork/Pods-SocialNetwork-frameworks.sh",
				"${BUILT_PRODUCTS_DIR}/GTMSessionFetcher/GTMSessionFetcher.framework",
				"${BUILT_PRODUCTS_DIR}/GoogleToolboxForMac/GoogleToolboxForMac.framework",
				"${BUILT_PRODUCTS_DIR}/SDWebImage/SDWebImage.framework",
			);
			name = "[CP] Embed Pods Frameworks";
			outputPaths = (
				"${TARGET_BUILD_DIR}/${FRAMEWORKS_FOLDER_PATH}/GTMSessionFetcher.framework",
				"${TARGET_BUILD_DIR}/${FRAMEWORKS_FOLDER_PATH}/GoogleToolboxForMac.framework",
				"${TARGET_BUILD_DIR}/${FRAMEWORKS_FOLDER_PATH}/SDWebImage.framework",
			);
			runOnlyForDeploymentPostprocessing = 0;
			shellPath = /bin/sh;
			shellScript = "\"${SRCROOT}/Pods/Target Support Files/Pods-SocialNetwork/Pods-SocialNetwork-frameworks.sh\"\n";
			showEnvVarsInLog = 0;
		};
		5CE330ADA74C11788551502F /* [CP] Check Pods Manifest.lock */ = {
			isa = PBXShellScriptBuildPhase;
			buildActionMask = 2147483647;
			files = (
			);
			inputPaths = (
				"${PODS_PODFILE_DIR_PATH}/Podfile.lock",
				"${PODS_ROOT}/Manifest.lock",
			);
			name = "[CP] Check Pods Manifest.lock";
			outputPaths = (
				"$(DERIVED_FILE_DIR)/Pods-SocialNetwork-checkManifestLockResult.txt",
			);
			runOnlyForDeploymentPostprocessing = 0;
			shellPath = /bin/sh;
			shellScript = "diff \"${PODS_PODFILE_DIR_PATH}/Podfile.lock\" \"${PODS_ROOT}/Manifest.lock\" > /dev/null\nif [ $? != 0 ] ; then\n    # print error to STDERR\n    echo \"error: The sandbox is not in sync with the Podfile.lock. Run 'pod install' or update your CocoaPods installation.\" >&2\n    exit 1\nfi\n# This output is used by Xcode 'outputs' to avoid re-running this script phase.\necho \"SUCCESS\" > \"${SCRIPT_OUTPUT_FILE_0}\"\n";
			showEnvVarsInLog = 0;
		};
/* End PBXShellScriptBuildPhase section */

/* Begin PBXSourcesBuildPhase section */
		EBD3C2E8218CDC1E00E61956 /* Sources */ = {
			isa = PBXSourcesBuildPhase;
			buildActionMask = 2147483647;
			files = (
				EBB4E67E218CF4AC00E50558 /* SnapsViewController.swift in Sources */,
				EBB4E680218CF82F00E50558 /* ImagenViewController.swift in Sources */,
				EB27232F21936285007B3377 /* Usuario.swift in Sources */,
				EBD3C2F2218CDC1E00E61956 /* IniciarSesionViewController.swift in Sources */,
				EB27233321938820007B3377 /* VerSnapViewController.swift in Sources */,
				EBD3C2F0218CDC1E00E61956 /* AppDelegate.swift in Sources */,
				EBD3C2F8218CDC1E00E61956 /* SocialNetwork.xcdatamodeld in Sources */,
				EBB4E682218D022B00E50558 /* ElegirUsuarioViewController.swift in Sources */,
				EB27233121938012007B3377 /* Snap.swift in Sources */,
			);
			runOnlyForDeploymentPostprocessing = 0;
		};
/* End PBXSourcesBuildPhase section */

/* Begin PBXVariantGroup section */
		EBD3C2F3218CDC1E00E61956 /* Main.storyboard */ = {
			isa = PBXVariantGroup;
			children = (
				EBD3C2F4218CDC1E00E61956 /* Base */,
			);
			name = Main.storyboard;
			sourceTree = "<group>";
		};
		EBD3C2FB218CDC1E00E61956 /* LaunchScreen.storyboard */ = {
			isa = PBXVariantGroup;
			children = (
				EBD3C2FC218CDC1E00E61956 /* Base */,
			);
			name = LaunchScreen.storyboard;
			sourceTree = "<group>";
		};
/* End PBXVariantGroup section */

/* Begin XCBuildConfiguration section */
		EBD3C2FF218CDC1E00E61956 /* Debug */ = {
			isa = XCBuildConfiguration;
			buildSettings = {
				ALWAYS_SEARCH_USER_PATHS = NO;
				CLANG_ANALYZER_NONNULL = YES;
				CLANG_ANALYZER_NUMBER_OBJECT_CONVERSION = YES_AGGRESSIVE;
				CLANG_CXX_LANGUAGE_STANDARD = "gnu++14";
				CLANG_CXX_LIBRARY = "libc++";
				CLANG_ENABLE_MODULES = YES;
				CLANG_ENABLE_OBJC_ARC = YES;
				CLANG_WARN_BLOCK_CAPTURE_AUTORELEASING = YES;
				CLANG_WARN_BOOL_CONVERSION = YES;
				CLANG_WARN_COMMA = YES;
				CLANG_WARN_CONSTANT_CONVERSION = YES;
				CLANG_WARN_DIRECT_OBJC_ISA_USAGE = YES_ERROR;
				CLANG_WARN_DOCUMENTATION_COMMENTS = YES;
				CLANG_WARN_EMPTY_BODY = YES;
				CLANG_WARN_ENUM_CONVERSION = YES;
				CLANG_WARN_INFINITE_RECURSION = YES;
				CLANG_WARN_INT_CONVERSION = YES;
				CLANG_WARN_NON_LITERAL_NULL_CONVERSION = YES;
				CLANG_WARN_OBJC_LITERAL_CONVERSION = YES;
				CLANG_WARN_OBJC_ROOT_CLASS = YES_ERROR;
				CLANG_WARN_RANGE_LOOP_ANALYSIS = YES;
				CLANG_WARN_STRICT_PROTOTYPES = YES;
				CLANG_WARN_SUSPICIOUS_MOVE = YES;
				CLANG_WARN_UNGUARDED_AVAILABILITY = YES_AGGRESSIVE;
				CLANG_WARN_UNREACHABLE_CODE = YES;
				CLANG_WARN__DUPLICATE_METHOD_MATCH = YES;
				CODE_SIGN_IDENTITY = "iPhone Developer";
				COPY_PHASE_STRIP = NO;
				DEBUG_INFORMATION_FORMAT = dwarf;
				ENABLE_STRICT_OBJC_MSGSEND = YES;
				ENABLE_TESTABILITY = YES;
				GCC_C_LANGUAGE_STANDARD = gnu11;
				GCC_DYNAMIC_NO_PIC = NO;
				GCC_NO_COMMON_BLOCKS = YES;
				GCC_OPTIMIZATION_LEVEL = 0;
				GCC_PREPROCESSOR_DEFINITIONS = (
					"DEBUG=1",
					"$(inherited)",
				);
				GCC_WARN_64_TO_32_BIT_CONVERSION = YES;
				GCC_WARN_ABOUT_RETURN_TYPE = YES_ERROR;
				GCC_WARN_UNDECLARED_SELECTOR = YES;
				GCC_WARN_UNINITIALIZED_AUTOS = YES_AGGRESSIVE;
				GCC_WARN_UNUSED_FUNCTION = YES;
				GCC_WARN_UNUSED_VARIABLE = YES;
				IPHONEOS_DEPLOYMENT_TARGET = 11.2;
				MTL_ENABLE_DEBUG_INFO = YES;
				ONLY_ACTIVE_ARCH = YES;
				SDKROOT = iphoneos;
				SWIFT_ACTIVE_COMPILATION_CONDITIONS = DEBUG;
				SWIFT_OPTIMIZATION_LEVEL = "-Onone";
			};
			name = Debug;
		};
		EBD3C300218CDC1E00E61956 /* Release */ = {
			isa = XCBuildConfiguration;
			buildSettings = {
				ALWAYS_SEARCH_USER_PATHS = NO;
				CLANG_ANALYZER_NONNULL = YES;
				CLANG_ANALYZER_NUMBER_OBJECT_CONVERSION = YES_AGGRESSIVE;
				CLANG_CXX_LANGUAGE_STANDARD = "gnu++14";
				CLANG_CXX_LIBRARY = "libc++";
				CLANG_ENABLE_MODULES = YES;
				CLANG_ENABLE_OBJC_ARC = YES;
				CLANG_WARN_BLOCK_CAPTURE_AUTORELEASING = YES;
				CLANG_WARN_BOOL_CONVERSION = YES;
				CLANG_WARN_COMMA = YES;
				CLANG_WARN_CONSTANT_CONVERSION = YES;
				CLANG_WARN_DIRECT_OBJC_ISA_USAGE = YES_ERROR;
				CLANG_WARN_DOCUMENTATION_COMMENTS = YES;
				CLANG_WARN_EMPTY_BODY = YES;
				CLANG_WARN_ENUM_CONVERSION = YES;
				CLANG_WARN_INFINITE_RECURSION = YES;
				CLANG_WARN_INT_CONVERSION = YES;
				CLANG_WARN_NON_LITERAL_NULL_CONVERSION = YES;
				CLANG_WARN_OBJC_LITERAL_CONVERSION = YES;
				CLANG_WARN_OBJC_ROOT_CLASS = YES_ERROR;
				CLANG_WARN_RANGE_LOOP_ANALYSIS = YES;
				CLANG_WARN_STRICT_PROTOTYPES = YES;
				CLANG_WARN_SUSPICIOUS_MOVE = YES;
				CLANG_WARN_UNGUARDED_AVAILABILITY = YES_AGGRESSIVE;
				CLANG_WARN_UNREACHABLE_CODE = YES;
				CLANG_WARN__DUPLICATE_METHOD_MATCH = YES;
				CODE_SIGN_IDENTITY = "iPhone Developer";
				COPY_PHASE_STRIP = NO;
				DEBUG_INFORMATION_FORMAT = "dwarf-with-dsym";
				ENABLE_NS_ASSERTIONS = NO;
				ENABLE_STRICT_OBJC_MSGSEND = YES;
				GCC_C_LANGUAGE_STANDARD = gnu11;
				GCC_NO_COMMON_BLOCKS = YES;
				GCC_WARN_64_TO_32_BIT_CONVERSION = YES;
				GCC_WARN_ABOUT_RETURN_TYPE = YES_ERROR;
				GCC_WARN_UNDECLARED_SELECTOR = YES;
				GCC_WARN_UNINITIALIZED_AUTOS = YES_AGGRESSIVE;
				GCC_WARN_UNUSED_FUNCTION = YES;
				GCC_WARN_UNUSED_VARIABLE = YES;
				IPHONEOS_DEPLOYMENT_TARGET = 11.2;
				MTL_ENABLE_DEBUG_INFO = NO;
				SDKROOT = iphoneos;
				SWIFT_OPTIMIZATION_LEVEL = "-Owholemodule";
				VALIDATE_PRODUCT = YES;
			};
			name = Release;
		};
		EBD3C302218CDC1E00E61956 /* Debug */ = {
			isa = XCBuildConfiguration;
			baseConfigurationReference = D5FE61D48803D6063A7E14D3 /* Pods-SocialNetwork.debug.xcconfig */;
			buildSettings = {
				ASSETCATALOG_COMPILER_APPICON_NAME = AppIcon;
				CODE_SIGN_ENTITLEMENTS = SocialNetwork/SocialNetwork.entitlements;
				CODE_SIGN_STYLE = Automatic;
				DEVELOPMENT_TEAM = 4C5AN9GR53;
				INFOPLIST_FILE = SocialNetwork/Info.plist;
				LD_RUNPATH_SEARCH_PATHS = "$(inherited) @executable_path/Frameworks";
				PRODUCT_BUNDLE_IDENTIFIER = com.bazan.SocialNetwork;
				PRODUCT_NAME = "$(TARGET_NAME)";
				SWIFT_VERSION = 4.0;
				TARGETED_DEVICE_FAMILY = "1,2";
			};
			name = Debug;
		};
		EBD3C303218CDC1E00E61956 /* Release */ = {
			isa = XCBuildConfiguration;
			baseConfigurationReference = 6FE553FAAAD8C62F0BD24BC4 /* Pods-SocialNetwork.release.xcconfig */;
			buildSettings = {
				ASSETCATALOG_COMPILER_APPICON_NAME = AppIcon;
				CODE_SIGN_ENTITLEMENTS = SocialNetwork/SocialNetwork.entitlements;
				CODE_SIGN_STYLE = Automatic;
				DEVELOPMENT_TEAM = 4C5AN9GR53;
				INFOPLIST_FILE = SocialNetwork/Info.plist;
				LD_RUNPATH_SEARCH_PATHS = "$(inherited) @executable_path/Frameworks";
				PRODUCT_BUNDLE_IDENTIFIER = com.bazan.SocialNetwork;
				PRODUCT_NAME = "$(TARGET_NAME)";
				SWIFT_VERSION = 4.0;
				TARGETED_DEVICE_FAMILY = "1,2";
			};
			name = Release;
		};
/* End XCBuildConfiguration section */

/* Begin XCConfigurationList section */
		EBD3C2E7218CDC1E00E61956 /* Build configuration list for PBXProject "SocialNetwork" */ = {
			isa = XCConfigurationList;
			buildConfigurations = (
				EBD3C2FF218CDC1E00E61956 /* Debug */,
				EBD3C300218CDC1E00E61956 /* Release */,
			);
			defaultConfigurationIsVisible = 0;
			defaultConfigurationName = Release;
		};
		EBD3C301218CDC1E00E61956 /* Build configuration list for PBXNativeTarget "SocialNetwork" */ = {
			isa = XCConfigurationList;
			buildConfigurations = (
				EBD3C302218CDC1E00E61956 /* Debug */,
				EBD3C303218CDC1E00E61956 /* Release */,
			);
			defaultConfigurationIsVisible = 0;
			defaultConfigurationName = Release;
		};
/* End XCConfigurationList section */

/* Begin XCVersionGroup section */
		EBD3C2F6218CDC1E00E61956 /* SocialNetwork.xcdatamodeld */ = {
			isa = XCVersionGroup;
			children = (
				EBD3C2F7218CDC1E00E61956 /* SocialNetwork.xcdatamodel */,
			);
			currentVersion = EBD3C2F7218CDC1E00E61956 /* SocialNetwork.xcdatamodel */;
			path = SocialNetwork.xcdatamodeld;
			sourceTree = "<group>";
			versionGroupType = wrapper.xcdatamodel;
		};
/* End XCVersionGroup section */
	};
	rootObject = EBD3C2E4218CDC1E00E61956 /* Project object */;
}
